{
    "_readme": [
        "This file locks the dependencies of your project to a known state",
        "Read more about it at https://getcomposer.org/doc/01-basic-usage.md#installing-dependencies",
        "This file is @generated automatically"
    ],
    "content-hash": "b4fa5d6f8ca183cf59cce8ebf97ed4da",
    "packages": [],
    "packages-dev": [
        {
            "name": "symplify/easy-coding-standard",
            "version": "10.0.0",
            "source": {
                "type": "git",
                "url": "https://github.com/symplify/easy-coding-standard.git",
                "reference": "e695c6c7d811fca79aa8ba694173730856f965bd"
            },
            "dist": {
                "type": "zip",
                "url": "https://api.github.com/repos/symplify/easy-coding-standard/zipball/e695c6c7d811fca79aa8ba694173730856f965bd",
                "reference": "e695c6c7d811fca79aa8ba694173730856f965bd",
                "shasum": ""
            },
            "require": {
                "php": ">=7.1"
            },
            "conflict": {
                "friendsofphp/php-cs-fixer": "<3.0",
                "squizlabs/php_codesniffer": "<3.6"
            },
            "bin": [
                "bin/ecs"
            ],
            "type": "library",
            "extra": {
                "branch-alias": {
                    "dev-main": "9.5-dev"
                }
            },
            "autoload": {
                "files": [
                    "bootstrap.php"
                ]
            },
            "notification-url": "https://packagist.org/downloads/",
            "license": [
                "MIT"
            ],
            "description": "Prefixed scoped version of ECS package",
            "support": {
                "source": "https://github.com/symplify/easy-coding-standard/tree/10.0.0"
            },
            "funding": [
                {
                    "url": "https://www.paypal.me/rectorphp",
                    "type": "custom"
                },
                {
                    "url": "https://github.com/tomasvotruba",
                    "type": "github"
                }
            ],
            "time": "2021-12-07T22:55:36+00:00"
        }
    ],
    "aliases": [],
    "minimum-stability": "stable",
    "stability-flags": [],
    "prefer-stable": false,
    "prefer-lowest": false,
    "platform": [],
    "platform-dev": [],
    "plugin-api-version": "2.1.0"
}
