{
    "_readme": [
        "This file locks the dependencies of your project to a known state",
        "Read more about it at https://getcomposer.org/doc/01-basic-usage.md#installing-dependencies",
        "This file is @generated automatically"
    ],
    "content-hash": "6f9d4686f2605d87c66ab0b9456c936a",
    "packages": [],
    "packages-dev": [
        {
            "name": "symplify/easy-coding-standard",
            "version": "12.1.12",
            "source": {
                "type": "git",
                "url": "https://github.com/easy-coding-standard/easy-coding-standard.git",
                "reference": "d87f15506b5200a0098076cdbf6d00913b4e41f5"
            },
            "dist": {
                "type": "zip",
                "url": "https://api.github.com/repos/easy-coding-standard/easy-coding-standard/zipball/d87f15506b5200a0098076cdbf6d00913b4e41f5",
                "reference": "d87f15506b5200a0098076cdbf6d00913b4e41f5",
                "shasum": ""
            },
            "require": {
                "php": ">=7.2"
            },
            "conflict": {
                "friendsofphp/php-cs-fixer": "<3.46",
                "phpcsstandards/php_codesniffer": "<3.8",
                "symplify/coding-standard": "<12.1"
            },
            "bin": [
                "bin/ecs"
            ],
            "type": "library",
            "autoload": {
                "files": [
                    "bootstrap.php"
                ]
            },
            "notification-url": "https://packagist.org/downloads/",
            "license": [
                "MIT"
            ],
            "description": "Use Coding Standard with 0-knowledge of PHP-CS-Fixer and PHP_CodeSniffer",
            "keywords": [
                "Code style",
                "automation",
                "fixer",
                "static analysis"
            ],
            "support": {
                "issues": "https://github.com/easy-coding-standard/easy-coding-standard/issues",
                "source": "https://github.com/easy-coding-standard/easy-coding-standard/tree/12.1.12"
            },
            "funding": [
                {
                    "url": "https://www.paypal.me/rectorphp",
                    "type": "custom"
                },
                {
                    "url": "https://github.com/tomasvotruba",
                    "type": "github"
                }
            ],
            "time": "2024-02-14T10:04:06+00:00"
        }
    ],
    "aliases": [],
    "minimum-stability": "stable",
    "stability-flags": [],
    "prefer-stable": false,
    "prefer-lowest": false,
    "platform": [],
    "platform-dev": [],
    "plugin-api-version": "2.6.0"
}
